
Microsoft Visual Studio Solution File, Format Version 12.00
# Visual Studio 2013
VisualStudioVersion = 12.0.31101.0
MinimumVisualStudioVersion = 10.0.40219.1
Project("{FAE04EC0-301F-11D3-BF4B-00C04F79EFBC}") = "LicenceParser", "autodesk_2\LicenceParser.csproj", "{DADE51BD-631C-4731-9879-960858B67327}"
EndProject
Global
	GlobalSection(SolutionConfigurationPlatforms) = preSolution
		Debug|Any CPU = Debug|Any CPU
		Release|Any CPU = Release|Any CPU
	EndGlobalSection
	GlobalSection(ProjectConfigurationPlatforms) = postSolution
		{DADE51BD-631C-4731-9879-960858B67327}.Debug|Any CPU.ActiveCfg = Debug|Any CPU
		{DADE51BD-631C-4731-9879-960858B67327}.Debug|Any CPU.Build.0 = Debug|Any CPU
		{DADE51BD-631C-4731-9879-960858B67327}.Release|Any CPU.ActiveCfg = Release|Any CPU
		{DADE51BD-631C-4731-9879-960858B67327}.Release|Any CPU.Build.0 = Release|Any CPU
	EndGlobalSection
	GlobalSection(SolutionProperties) = preSolution
		HideSolutionNode = FALSE
	EndGlobalSection
EndGlobal
